
Microsoft Visual Studio Solution File, Format Version 12.00
Project("{FAE04EC0-301F-11D3-BF4B-00C04F79EFBC}") = "LabWork_59_Nyssanov_Yernar", "LabWork_59_Nyssanov_Yernar\LabWork_59_Nyssanov_Yernar.csproj", "{405BAC8E-0AE7-4019-8023-97BC49678D12}"
EndProject
Global
	GlobalSection(SolutionConfigurationPlatforms) = preSolution
		Debug|Any CPU = Debug|Any CPU
		Release|Any CPU = Release|Any CPU
	EndGlobalSection
	GlobalSection(ProjectConfigurationPlatforms) = postSolution
		{405BAC8E-0AE7-4019-8023-97BC49678D12}.Debug|Any CPU.ActiveCfg = Debug|Any CPU
		{405BAC8E-0AE7-4019-8023-97BC49678D12}.Debug|Any CPU.Build.0 = Debug|Any CPU
		{405BAC8E-0AE7-4019-8023-97BC49678D12}.Release|Any CPU.ActiveCfg = Release|Any CPU
		{405BAC8E-0AE7-4019-8023-97BC49678D12}.Release|Any CPU.Build.0 = Release|Any CPU
	EndGlobalSection
EndGlobal
